github.com/big-larry/mgo v1.0.0 h1:ChDAuPTDrsxTIiX6cpMKCSA/pwfDLUBLNKgrnFKMU3I=
github.com/big-larry/mgo v1.0.0/go.mod h1:kdL246Gj/xmJ6cx/AP1QVLapNaOXCTKhsRmZTc2w33w=
github.com/big-larry/suckhttp v0.0.0-20210322103127-398c10f2797b h1:AcX7AhJaYehbFWQPiLgpvzWyDqbw6lDeDx8/a96gu3w=
github.com/big-larry/suckhttp v0.0.0-20210322103127-398c10f2797b/go.mod h1:lLWCbEUoHRIPsSlpsNlucyIvog1pNFb748VtfYC9PpQ=
github.com/big-larry/suckutils v0.0.0-20210302144038-e59935e3f3e7 h1:ZcreHOZkl2SEdO4yckOhb14op1HiBPyLgpZCPGPpZTM=
github.com/big-larry/suckutils v0.0.0-20210302144038-e59935e3f3e7/go.mod h1:k8OTvl7gpGqgnRZmwtKlrdPfauA0ATignnsQ/jtLHMk=
github.com/dsnet/compress v0.0.1/go.mod h1:Aw8dCMJ7RioblQeTqt88akK31OvO8Dhf5JflhBbQEHo=
github.com/dsnet/golib v0.0.0-20171103203638-1ea166775780/go.mod h1:Lj+Z9rebOhdfkVLjJ8T6VcRQv3SXugXy999NBtR9aFY=
github.com/google/uuid v1.2.0 h1:qJYtXnJRWmpe7m/3XlyhrsLrEURqHRM2kxzoxXqyUDs=
github.com/google/uuid v1.2.0/go.mod h1:TIyPZe4MgqvfeYDBFedMoGGpEw/LqOeaOT+nhxU+yHo=
github.com/klauspost/compress v1.4.1/go.mod h1:RyIbtBH6LamlWaDj8nUwkbUhJ87Yi3uG0guNDohfE1A=
github.com/klauspost/cpuid v1.2.0/go.mod h1:Pj4uuM528wm8OyEC2QMXAi2YiTZ96dNQPGgoMS4s3ek=
github.com/kr/pretty v0.2.1 h1:Fmg33tUaq4/8ym9TJN1x7sLJnHVwhP33CNkpYV/7rwI=
github.com/kr/pretty v0.2.1/go.mod h1:ipq/a2n7PKx3OHsz4KJII5eveXtPO4qwEXGdVfWzfnI=
github.com/kr/pty v1.1.1/go.mod h1:pFQYn66WHrOpPYNljwOMqo10TkYh1fy3cYio2l3bCsQ=
github.com/kr/text v0.1.0 h1:45sCR5RtlFHMR4UwH9sdQ5TC8v0qDQCHnXt+kaKSTVE=
github.com/kr/text v0.1.0/go.mod h1:4Jbv+DJW3UT/LiOwJeYQe1efqtUx/iVham/4vfdArNI=
github.com/thin-peak/httpservice v0.0.0-20210324083325-817c40a668a5 h1:xervYAtIEfOfQBNYVBYVO6B5Ms/6N1fcluY0RBK9m4I=
github.com/thin-peak/httpservice v0.0.0-20210324083325-817c40a668a5/go.mod h1:bIuZ4xArYJeJ3Nx1BTmm4nClRC6S/MRlPvrM/psBhNs=
github.com/thin-peak/logger v0.0.0-20210323124200-41036798c49f h1:A0z0GnV79/4ZMV2IQUVWauf/JBO/Ea82buGBcJs87Sk=
github.com/thin-peak/logger v0.0.0-20210323124200-41036798c49f/go.mod h1:SFaPEgMGY0VCeRFxPRD18dpqQZ1RMKYlUu6rB71lBbc=
github.com/ulikunitz/xz v0.5.6/go.mod h1:2bypXElzHzzJZwzH67Y6wb67pO62Rzfn7BSiF4ABRW8=
golang.org/x/net v0.0.0-20210226172049-e18ecbb05110/go.mod h1:m0MpNAwzfU5UDzcl9v0D8zg8gWTRqZa9RBIspLL5mdg=
golang.org/x/sys v0.0.0-20201119102817-f84b799fce68/go.mod h1:h1NjWce9XRLGQEsW7wpKNCjG9DtNlClVuFLEZdDNbEs=
golang.org/x/term v0.0.0-20201126162022-7de9c90e9dd1/go.mod h1:bj7SfCRtBDWHUb9snDiAeCFNEtKQo2Wmx5Cou7ajbmo=
golang.org/x/text v0.3.3/go.mod h1:5Zoc/QRtKVWzQhOtBMvqHzDpF6irO9z98xDceosuGiQ=
golang.org/x/tools v0.0.0-20180917221912-90fa682c2a6e/go.mod h1:n7NCudcB/nEzxVGmLbDWY5pfWTLqBcC2KZ6jyYvM4mQ=
gopkg.in/check.v1 v1.0.0-20201130134442-10cb98267c6c h1:Hei/4ADfdWqJk1ZMxUNpqntNwaWcugrBjAiHlqqRiVk=
gopkg.in/check.v1 v1.0.0-20201130134442-10cb98267c6c/go.mod h1:JHkPIbrfpd72SG/EVd6muEfDQjcINNoR0C8j2r3qZ4Q=
gopkg.in/tomb.v2 v2.0.0-20161208151619-d5d1b5820637/go.mod h1:BHsqpu/nsuzkT5BpiH1EMZPLyqSMM8JbIavyFACoFNk=
